{
  "nodes": {
    "nixpkgs": {
      "locked": {
        "lastModified": 1723160704,
        "narHash": "sha256-SsbRTi8e+awpz4HFPh8k38CtrV6StRiMiOwcoSZgHDk=",
        "owner": "tinted-software",
        "repo": "nixpkgs",
        "rev": "8ba4b9e3405b922b12fb2cb6561b00908f0b572e",
        "type": "github"
      },
      "original": {
        "owner": "tinted-software",
        "ref": "tinted-staging",
        "repo": "nixpkgs",
        "type": "github"
      }
    },
    "root": {
      "inputs": {
        "nixpkgs": "nixpkgs",
        "systems": "systems"
      }
    },
    "systems": {
      "locked": {
        "lastModified": 1681028828,
        "narHash": "sha256-Vy1rq5AaRuLzOxct8nz4T6wlgyUR7zLU309k9mBC768=",
        "owner": "nix-systems",
        "repo": "default",
        "rev": "da67096a3b9bf56a91d16901293e51ba5b49a27e",
        "type": "github"
      },
      "original": {
        "owner": "nix-systems",
        "repo": "default",
        "type": "github"
      }
    }
  },
  "root": "root",
  "version": 7
}
